Microsoft Visual Studio Solution File, Format Version 12.00
# Visual Studio Version 17
VisualStudioVersion = 17.5.33414.496
MinimumVisualStudioVersion = 10.0.40219.1
Project("{9A19103F-16F7-4668-BE54-9A1E7A4F7556}") = "DevConsole", "DevConsole\DevConsole.csproj", "{DFA0D7C2-09E5-4479-A36B-3344B39CE1C9}"
EndProject
Project("{9A19103F-16F7-4668-BE54-9A1E7A4F7556}") = "Configuration", "Configuration\Configuration.csproj", "{200B7054-AD61-44E3-AC3D-02EE58AAE86F}"
EndProject
Project("{9A19103F-16F7-4668-BE54-9A1E7A4F7556}") = "Game", "Game\Game.csproj", "{1C1B438A-9255-45CC-85BB-730BAFFE4D7E}"
EndProject
Project("{9A19103F-16F7-4668-BE54-9A1E7A4F7556}") = "Tests", "Tests\Tests.csproj", "{8BD11344-88EB-401A-AD74-D30F8A0465F0}"
EndProject
Project("{2150E333-8FDC-42A3-9474-1A3956D46DE8}") = "Tools", "Tools", "{DE85A5AB-D5A8-4BBD-9C8C-CBFDEA914C0F}"
EndProject
Project("{9A19103F-16F7-4668-BE54-9A1E7A4F7556}") = "MigrateDatabase", "MigrateDatabase\MigrateDatabase.csproj", "{066BFC54-4FB8-42D9-9CC4-1286F646118B}"
EndProject
Project("{FAE04EC0-301F-11D3-BF4B-00C04F79EFBC}") = "RZQuadTree", "RZQuadTree\RZQuadTree.csproj", "{EB1F7434-9781-4E55-BCA9-6BBA6FFCBEE0}"
EndProject
Global
	GlobalSection(SolutionConfigurationPlatforms) = preSolution
		Debug|Any CPU = Debug|Any CPU
		Debug|x64 = Debug|x64
		Release|Any CPU = Release|Any CPU
		Release|x64 = Release|x64
	EndGlobalSection
	GlobalSection(ProjectConfigurationPlatforms) = postSolution
		{DFA0D7C2-09E5-4479-A36B-3344B39CE1C9}.Debug|Any CPU.ActiveCfg = Debug|x64
		{DFA0D7C2-09E5-4479-A36B-3344B39CE1C9}.Debug|Any CPU.Build.0 = Debug|x64
		{DFA0D7C2-09E5-4479-A36B-3344B39CE1C9}.Debug|x64.ActiveCfg = Debug|x64
		{DFA0D7C2-09E5-4479-A36B-3344B39CE1C9}.Debug|x64.Build.0 = Debug|x64
		{DFA0D7C2-09E5-4479-A36B-3344B39CE1C9}.Release|Any CPU.ActiveCfg = Release|x64
		{DFA0D7C2-09E5-4479-A36B-3344B39CE1C9}.Release|Any CPU.Build.0 = Release|x64
		{DFA0D7C2-09E5-4479-A36B-3344B39CE1C9}.Release|x64.ActiveCfg = Release|x64
		{DFA0D7C2-09E5-4479-A36B-3344B39CE1C9}.Release|x64.Build.0 = Release|x64
		{200B7054-AD61-44E3-AC3D-02EE58AAE86F}.Debug|Any CPU.ActiveCfg = Debug|Any CPU
		{200B7054-AD61-44E3-AC3D-02EE58AAE86F}.Debug|Any CPU.Build.0 = Debug|Any CPU
		{200B7054-AD61-44E3-AC3D-02EE58AAE86F}.Debug|x64.ActiveCfg = Debug|Any CPU
		{200B7054-AD61-44E3-AC3D-02EE58AAE86F}.Debug|x64.Build.0 = Debug|Any CPU
		{200B7054-AD61-44E3-AC3D-02EE58AAE86F}.Release|Any CPU.ActiveCfg = Release|Any CPU
		{200B7054-AD61-44E3-AC3D-02EE58AAE86F}.Release|Any CPU.Build.0 = Release|Any CPU
		{200B7054-AD61-44E3-AC3D-02EE58AAE86F}.Release|x64.ActiveCfg = Release|Any CPU
		{200B7054-AD61-44E3-AC3D-02EE58AAE86F}.Release|x64.Build.0 = Release|Any CPU
		{1C1B438A-9255-45CC-85BB-730BAFFE4D7E}.Debug|Any CPU.ActiveCfg = Debug|x64
		{1C1B438A-9255-45CC-85BB-730BAFFE4D7E}.Debug|Any CPU.Build.0 = Debug|x64
		{1C1B438A-9255-45CC-85BB-730BAFFE4D7E}.Debug|x64.ActiveCfg = Debug|x64
		{1C1B438A-9255-45CC-85BB-730BAFFE4D7E}.Debug|x64.Build.0 = Debug|x64
		{1C1B438A-9255-45CC-85BB-730BAFFE4D7E}.Release|Any CPU.ActiveCfg = Release|x64
		{1C1B438A-9255-45CC-85BB-730BAFFE4D7E}.Release|Any CPU.Build.0 = Release|x64
		{1C1B438A-9255-45CC-85BB-730BAFFE4D7E}.Release|x64.ActiveCfg = Release|x64
		{1C1B438A-9255-45CC-85BB-730BAFFE4D7E}.Release|x64.Build.0 = Release|x64
		{8BD11344-88EB-401A-AD74-D30F8A0465F0}.Debug|Any CPU.ActiveCfg = Debug|Any CPU
		{8BD11344-88EB-401A-AD74-D30F8A0465F0}.Debug|Any CPU.Build.0 = Debug|Any CPU
		{8BD11344-88EB-401A-AD74-D30F8A0465F0}.Debug|x64.ActiveCfg = Debug|Any CPU
		{8BD11344-88EB-401A-AD74-D30F8A0465F0}.Debug|x64.Build.0 = Debug|Any CPU
		{8BD11344-88EB-401A-AD74-D30F8A0465F0}.Release|Any CPU.ActiveCfg = Release|Any CPU
		{8BD11344-88EB-401A-AD74-D30F8A0465F0}.Release|Any CPU.Build.0 = Release|Any CPU
		{8BD11344-88EB-401A-AD74-D30F8A0465F0}.Release|x64.ActiveCfg = Release|Any CPU
		{8BD11344-88EB-401A-AD74-D30F8A0465F0}.Release|x64.Build.0 = Release|Any CPU
		{066BFC54-4FB8-42D9-9CC4-1286F646118B}.Debug|Any CPU.ActiveCfg = Debug|Any CPU
		{066BFC54-4FB8-42D9-9CC4-1286F646118B}.Debug|Any CPU.Build.0 = Debug|Any CPU
		{066BFC54-4FB8-42D9-9CC4-1286F646118B}.Debug|x64.ActiveCfg = Debug|Any CPU
		{066BFC54-4FB8-42D9-9CC4-1286F646118B}.Debug|x64.Build.0 = Debug|Any CPU
		{066BFC54-4FB8-42D9-9CC4-1286F646118B}.Release|Any CPU.ActiveCfg = Release|Any CPU
		{066BFC54-4FB8-42D9-9CC4-1286F646118B}.Release|Any CPU.Build.0 = Release|Any CPU
		{066BFC54-4FB8-42D9-9CC4-1286F646118B}.Release|x64.ActiveCfg = Release|Any CPU
		{066BFC54-4FB8-42D9-9CC4-1286F646118B}.Release|x64.Build.0 = Release|Any CPU
		{EB1F7434-9781-4E55-BCA9-6BBA6FFCBEE0}.Debug|Any CPU.ActiveCfg = Debug|Any CPU
		{EB1F7434-9781-4E55-BCA9-6BBA6FFCBEE0}.Debug|Any CPU.Build.0 = Debug|Any CPU
		{EB1F7434-9781-4E55-BCA9-6BBA6FFCBEE0}.Debug|x64.ActiveCfg = Debug|Any CPU
		{EB1F7434-9781-4E55-BCA9-6BBA6FFCBEE0}.Debug|x64.Build.0 = Debug|Any CPU
		{EB1F7434-9781-4E55-BCA9-6BBA6FFCBEE0}.Release|Any CPU.ActiveCfg = Release|Any CPU
		{EB1F7434-9781-4E55-BCA9-6BBA6FFCBEE0}.Release|Any CPU.Build.0 = Release|Any CPU
		{EB1F7434-9781-4E55-BCA9-6BBA6FFCBEE0}.Release|x64.ActiveCfg = Release|Any CPU
		{EB1F7434-9781-4E55-BCA9-6BBA6FFCBEE0}.Release|x64.Build.0 = Release|Any CPU
	EndGlobalSection
	GlobalSection(SolutionProperties) = preSolution
		HideSolutionNode = FALSE
	EndGlobalSection
	GlobalSection(NestedProjects) = preSolution
		{066BFC54-4FB8-42D9-9CC4-1286F646118B} = {DE85A5AB-D5A8-4BBD-9C8C-CBFDEA914C0F}
	EndGlobalSection
	GlobalSection(ExtensibilityGlobals) = postSolution
		SolutionGuid = {1E97CD14-AEC2-4B45-83C5-05A415B6FC51}
	EndGlobalSection
EndGlobal
